
Microsoft Visual Studio Solution File, Format Version 12.00
# Visual Studio Version 17
VisualStudioVersion = 17.0.31903.59
MinimumVisualStudioVersion = 10.0.40219.1
Project("{2150E333-8FDC-42A3-9474-1A3956D46DE8}") = "src", "src", "{A204706D-9D15-4972-AA01-898095A41348}"
EndProject
Project("{FAE04EC0-301F-11D3-BF4B-00C04F79EFBC}") = "WpaMcp", "src\WpaMcp\WpaMcp.csproj", "{8D6558A0-3CF9-4423-B429-CAEB8E9AF9CD}"
EndProject
Project("{2150E333-8FDC-42A3-9474-1A3956D46DE8}") = "tests", "tests", "{AFE67C0A-E96A-447F-974B-89E1BA02AEAD}"
EndProject
Project("{FAE04EC0-301F-11D3-BF4B-00C04F79EFBC}") = "WpaMcp.Tests", "tests\WpaMcp.Tests\WpaMcp.Tests.csproj", "{86F9D4B9-80B7-49E9-A3FD-42C75163BBCC}"
EndProject
Project("{2150E333-8FDC-42A3-9474-1A3956D46DE8}") = "tools", "tools", "{B75EAC0A-0AD0-451E-B447-73F23F543749}"
EndProject
Project("{FAE04EC0-301F-11D3-BF4B-00C04F79EFBC}") = "etlshrink", "tools\etlshrink\etlshrink.csproj", "{E1009A46-E4C2-4539-9394-6CD321C8A50D}"
EndProject
Project("{FAE04EC0-301F-11D3-BF4B-00C04F79EFBC}") = "interruptfixture", "tools\interruptfixture\interruptfixture.csproj", "{E2A20989-10EC-498A-A3C5-D0D20526DF2D}"
EndProject
Project("{FAE04EC0-301F-11D3-BF4B-00C04F79EFBC}") = "sdkcandidateprobe", "tools\sdkcandidateprobe\sdkcandidateprobe.csproj", "{E31DFBC5-F531-40EC-8B10-A89EEB504CC8}"
EndProject
Global
	GlobalSection(SolutionConfigurationPlatforms) = preSolution
		Debug|Any CPU = Debug|Any CPU
		Release|Any CPU = Release|Any CPU
	EndGlobalSection
	GlobalSection(SolutionProperties) = preSolution
		HideSolutionNode = FALSE
	EndGlobalSection
	GlobalSection(ProjectConfigurationPlatforms) = postSolution
		{8D6558A0-3CF9-4423-B429-CAEB8E9AF9CD}.Debug|Any CPU.ActiveCfg = Debug|Any CPU
		{8D6558A0-3CF9-4423-B429-CAEB8E9AF9CD}.Debug|Any CPU.Build.0 = Debug|Any CPU
		{8D6558A0-3CF9-4423-B429-CAEB8E9AF9CD}.Release|Any CPU.ActiveCfg = Release|Any CPU
		{8D6558A0-3CF9-4423-B429-CAEB8E9AF9CD}.Release|Any CPU.Build.0 = Release|Any CPU
		{86F9D4B9-80B7-49E9-A3FD-42C75163BBCC}.Debug|Any CPU.ActiveCfg = Debug|Any CPU
		{86F9D4B9-80B7-49E9-A3FD-42C75163BBCC}.Debug|Any CPU.Build.0 = Debug|Any CPU
		{86F9D4B9-80B7-49E9-A3FD-42C75163BBCC}.Release|Any CPU.ActiveCfg = Release|Any CPU
		{86F9D4B9-80B7-49E9-A3FD-42C75163BBCC}.Release|Any CPU.Build.0 = Release|Any CPU
		{E1009A46-E4C2-4539-9394-6CD321C8A50D}.Debug|Any CPU.ActiveCfg = Debug|Any CPU
		{E1009A46-E4C2-4539-9394-6CD321C8A50D}.Debug|Any CPU.Build.0 = Debug|Any CPU
		{E1009A46-E4C2-4539-9394-6CD321C8A50D}.Release|Any CPU.ActiveCfg = Release|Any CPU
		{E1009A46-E4C2-4539-9394-6CD321C8A50D}.Release|Any CPU.Build.0 = Release|Any CPU
		{E2A20989-10EC-498A-A3C5-D0D20526DF2D}.Debug|Any CPU.ActiveCfg = Debug|Any CPU
		{E2A20989-10EC-498A-A3C5-D0D20526DF2D}.Debug|Any CPU.Build.0 = Debug|Any CPU
		{E2A20989-10EC-498A-A3C5-D0D20526DF2D}.Release|Any CPU.ActiveCfg = Release|Any CPU
		{E2A20989-10EC-498A-A3C5-D0D20526DF2D}.Release|Any CPU.Build.0 = Release|Any CPU
		{E31DFBC5-F531-40EC-8B10-A89EEB504CC8}.Debug|Any CPU.ActiveCfg = Debug|Any CPU
		{E31DFBC5-F531-40EC-8B10-A89EEB504CC8}.Debug|Any CPU.Build.0 = Debug|Any CPU
		{E31DFBC5-F531-40EC-8B10-A89EEB504CC8}.Release|Any CPU.ActiveCfg = Release|Any CPU
		{E31DFBC5-F531-40EC-8B10-A89EEB504CC8}.Release|Any CPU.Build.0 = Release|Any CPU
	EndGlobalSection
	GlobalSection(NestedProjects) = preSolution
		{8D6558A0-3CF9-4423-B429-CAEB8E9AF9CD} = {A204706D-9D15-4972-AA01-898095A41348}
		{86F9D4B9-80B7-49E9-A3FD-42C75163BBCC} = {AFE67C0A-E96A-447F-974B-89E1BA02AEAD}
		{E1009A46-E4C2-4539-9394-6CD321C8A50D} = {B75EAC0A-0AD0-451E-B447-73F23F543749}
		{E2A20989-10EC-498A-A3C5-D0D20526DF2D} = {B75EAC0A-0AD0-451E-B447-73F23F543749}
		{E31DFBC5-F531-40EC-8B10-A89EEB504CC8} = {B75EAC0A-0AD0-451E-B447-73F23F543749}
	EndGlobalSection
EndGlobal
